
Microsoft Visual Studio Solution File, Format Version 12.00
# Visual Studio Version 17
VisualStudioVersion = 17.7.34031.279
MinimumVisualStudioVersion = 10.0.40219.1
Project("{FAE04EC0-301F-11D3-BF4B-00C04F79EFBC}") = "practice_task_13", "practice_task_13\practice_task_13.csproj", "{C3DD3131-CD83-4291-9B7E-3750ED714899}"
EndProject
Global
	GlobalSection(SolutionConfigurationPlatforms) = preSolution
		Debug|Any CPU = Debug|Any CPU
		Release|Any CPU = Release|Any CPU
	EndGlobalSection
	GlobalSection(ProjectConfigurationPlatforms) = postSolution
		{C3DD3131-CD83-4291-9B7E-3750ED714899}.Debug|Any CPU.ActiveCfg = Debug|Any CPU
		{C3DD3131-CD83-4291-9B7E-3750ED714899}.Debug|Any CPU.Build.0 = Debug|Any CPU
		{C3DD3131-CD83-4291-9B7E-3750ED714899}.Release|Any CPU.ActiveCfg = Release|Any CPU
		{C3DD3131-CD83-4291-9B7E-3750ED714899}.Release|Any CPU.Build.0 = Release|Any CPU
	EndGlobalSection
	GlobalSection(SolutionProperties) = preSolution
		HideSolutionNode = FALSE
	EndGlobalSection
	GlobalSection(ExtensibilityGlobals) = postSolution
		SolutionGuid = {6D8C7E4E-8B65-4386-BE13-2C5C89C39402}
	EndGlobalSection
EndGlobal
